# This file is automatically @generated by Poetry 1.8.5 and should not be changed by hand.

[[package]]
name = "grpcio"
version = "1.75.1"
description = "HTTP/2-based RPC framework"
optional = false
python-versions = ">=3.9"
files = [
    {file = "grpcio-1.75.1-cp310-cp310-linux_armv7l.whl", hash = "sha256:1712b5890b22547dd29f3215c5788d8fc759ce6dd0b85a6ba6e2731f2d04c088"},
    {file = "grpcio-1.75.1-cp310-cp310-macosx_11_0_universal2.whl", hash = "sha256:8d04e101bba4b55cea9954e4aa71c24153ba6182481b487ff376da28d4ba46cf"},
    {file = "grpcio-1.75.1-cp310-cp310-manylinux2014_aarch64.manylinux_2_17_aarch64.whl", hash = "sha256:683cfc70be0c1383449097cba637317e4737a357cfc185d887fd984206380403"},
    {file = "grpcio-1.75.1-cp310-cp310-manylinux2014_i686.manylinux_2_17_i686.whl", hash = "sha256:491444c081a54dcd5e6ada57314321ae526377f498d4aa09d975c3241c5b9e1c"},
    {file = "grpcio-1.75.1-cp310-cp310-manylinux2014_x86_64.manylinux_2_17_x86_64.whl", hash = "sha256:ce08d4e112d0d38487c2b631ec8723deac9bc404e9c7b1011426af50a79999e4"},
    {file = "grpcio-1.75.1-cp310-cp310-musllinux_1_2_aarch64.whl", hash = "sha256:5a2acda37fc926ccc4547977ac3e56b1df48fe200de968e8c8421f6e3093df6c"},
    {file = "grpcio-1.75.1-cp310-cp310-musllinux_1_2_i686.whl", hash = "sha256:745c5fe6bf05df6a04bf2d11552c7d867a2690759e7ab6b05c318a772739bd75"},
    {file = "grpcio-1.75.1-cp310-cp310-musllinux_1_2_x86_64.whl", hash = "sha256:259526a7159d39e2db40d566fe3e8f8e034d0fb2db5bf9c00e09aace655a4c2b"},
    {file = "grpcio-1.75.1-cp310-cp310-win32.whl", hash = "sha256:f4b29b9aabe33fed5df0a85e5f13b09ff25e2c05bd5946d25270a8bd5682dac9"},
    {file = "grpcio-1.75.1-cp310-cp310-win_amd64.whl", hash = "sha256:cf2e760978dcce7ff7d465cbc7e276c3157eedc4c27aa6de7b594c7a295d3d61"},
    {file = "grpcio-1.75.1-cp311-cp311-linux_armv7l.whl", hash = "sha256:573855ca2e58e35032aff30bfbd1ee103fbcf4472e4b28d4010757700918e326"},
    {file = "grpcio-1.75.1-cp311-cp311-macosx_11_0_universal2.whl", hash = "sha256:6a4996a2c8accc37976dc142d5991adf60733e223e5c9a2219e157dc6a8fd3a2"},
    {file = "grpcio-1.75.1-cp311-cp311-manylinux2014_aarch64.manylinux_2_17_aarch64.whl", hash = "sha256:b1ea1bbe77ecbc1be00af2769f4ae4a88ce93be57a4f3eebd91087898ed749f9"},
    {file = "grpcio-1.75.1-cp311-cp311-manylinux2014_i686.manylinux_2_17_i686.whl", hash = "sha256:e5b425aee54cc5e3e3c58f00731e8a33f5567965d478d516d35ef99fd648ab68"},
    {file = "grpcio-1.75.1-cp311-cp311-manylinux2014_x86_64.manylinux_2_17_x86_64.whl", hash = "sha256:0049a7bf547dafaeeb1db17079ce79596c298bfe308fc084d023c8907a845b9a"},
    {file = "grpcio-1.75.1-cp311-cp311-musllinux_1_2_aarch64.whl", hash = "sha256:5b8ea230c7f77c0a1a3208a04a1eda164633fb0767b4cefd65a01079b65e5b1f"},
    {file = "grpcio-1.75.1-cp311-cp311-musllinux_1_2_i686.whl", hash = "sha256:36990d629c3c9fb41e546414e5af52d0a7af37ce7113d9682c46d7e2919e4cca"},
    {file = "grpcio-1.75.1-cp311-cp311-musllinux_1_2_x86_64.whl", hash = "sha256:b10ad908118d38c2453ade7ff790e5bce36580c3742919007a2a78e3a1e521ca"},
    {file = "grpcio-1.75.1-cp311-cp311-win32.whl", hash = "sha256:d6be2b5ee7bea656c954dcf6aa8093c6f0e6a3ef9945c99d99fcbfc88c5c0bfe"},
    {file = "grpcio-1.75.1-cp311-cp311-win_amd64.whl", hash = "sha256:61c692fb05956b17dd6d1ab480f7f10ad0536dba3bc8fd4e3c7263dc244ed772"},
    {file = "grpcio-1.75.1-cp312-cp312-linux_armv7l.whl", hash = "sha256:7b888b33cd14085d86176b1628ad2fcbff94cfbbe7809465097aa0132e58b018"},
    {file = "grpcio-1.75.1-cp312-cp312-macosx_11_0_universal2.whl", hash = "sha256:8775036efe4ad2085975531d221535329f5dac99b6c2a854a995456098f99546"},
    {file = "grpcio-1.75.1-cp312-cp312-manylinux2014_aarch64.manylinux_2_17_aarch64.whl", hash = "sha256:bb658f703468d7fbb5dcc4037c65391b7dc34f808ac46ed9136c24fc5eeb041d"},
    {file = "grpcio-1.75.1-cp312-cp312-manylinux2014_i686.manylinux_2_17_i686.whl", hash = "sha256:4b7177a1cdb3c51b02b0c0a256b0a72fdab719600a693e0e9037949efffb200b"},
    {file = "grpcio-1.75.1-cp312-cp312-manylinux2014_x86_64.manylinux_2_17_x86_64.whl", hash = "sha256:7d4fa6ccc3ec2e68a04f7b883d354d7fea22a34c44ce535a2f0c0049cf626ddf"},
    {file = "grpcio-1.75.1-cp312-cp312-musllinux_1_2_aarch64.whl", hash = "sha256:3d86880ecaeb5b2f0a8afa63824de93adb8ebe4e49d0e51442532f4e08add7d6"},
    {file = "grpcio-1.75.1-cp312-cp312-musllinux_1_2_i686.whl", hash = "sha256:a8041d2f9e8a742aeae96f4b047ee44e73619f4f9d24565e84d5446c623673b6"},
    {file = "grpcio-1.75.1-cp312-cp312-musllinux_1_2_x86_64.whl", hash = "sha256:3652516048bf4c314ce12be37423c79829f46efffb390ad64149a10c6071e8de"},
    {file = "grpcio-1.75.1-cp312-cp312-win32.whl", hash = "sha256:44b62345d8403975513af88da2f3d5cc76f73ca538ba46596f92a127c2aea945"},
    {file = "grpcio-1.75.1-cp312-cp312-win_amd64.whl", hash = "sha256:b1e191c5c465fa777d4cafbaacf0c01e0d5278022082c0abbd2ee1d6454ed94d"},
    {file = "grpcio-1.75.1-cp313-cp313-linux_armv7l.whl", hash = "sha256:3bed22e750d91d53d9e31e0af35a7b0b51367e974e14a4ff229db5b207647884"},
    {file = "grpcio-1.75.1-cp313-cp313-macosx_11_0_universal2.whl", hash = "sha256:5b8f381eadcd6ecaa143a21e9e80a26424c76a0a9b3d546febe6648f3a36a5ac"},
    {file = "grpcio-1.75.1-cp313-cp313-manylinux2014_aarch64.manylinux_2_17_aarch64.whl", hash = "sha256:5bf4001d3293e3414d0cf99ff9b1139106e57c3a66dfff0c5f60b2a6286ec133"},
    {file = "grpcio-1.75.1-cp313-cp313-manylinux2014_i686.manylinux_2_17_i686.whl", hash = "sha256:9f82ff474103e26351dacfe8d50214e7c9322960d8d07ba7fa1d05ff981c8b2d"},
    {file = "grpcio-1.75.1-cp313-cp313-manylinux2014_x86_64.manylinux_2_17_x86_64.whl", hash = "sha256:0ee119f4f88d9f75414217823d21d75bfe0e6ed40135b0cbbfc6376bc9f7757d"},
    {file = "grpcio-1.75.1-cp313-cp313-musllinux_1_2_aarch64.whl", hash = "sha256:664eecc3abe6d916fa6cf8dd6b778e62fb264a70f3430a3180995bf2da935446"},
    {file = "grpcio-1.75.1-cp313-cp313-musllinux_1_2_i686.whl", hash = "sha256:c32193fa08b2fbebf08fe08e84f8a0aad32d87c3ad42999c65e9449871b1c66e"},
    {file = "grpcio-1.75.1-cp313-cp313-musllinux_1_2_x86_64.whl", hash = "sha256:5cebe13088b9254f6e615bcf1da9131d46cfa4e88039454aca9cb65f639bd3bc"},
    {file = "grpcio-1.75.1-cp313-cp313-win32.whl", hash = "sha256:4b4c678e7ed50f8ae8b8dbad15a865ee73ce12668b6aaf411bf3258b5bc3f970"},
    {file = "grpcio-1.75.1-cp313-cp313-win_amd64.whl", hash = "sha256:5573f51e3f296a1bcf71e7a690c092845fb223072120f4bdb7a5b48e111def66"},
    {file = "grpcio-1.75.1-cp314-cp314-linux_armv7l.whl", hash = "sha256:c05da79068dd96723793bffc8d0e64c45f316248417515f28d22204d9dae51c7"},
    {file = "grpcio-1.75.1-cp314-cp314-macosx_11_0_universal2.whl", hash = "sha256:06373a94fd16ec287116a825161dca179a0402d0c60674ceeec8c9fba344fe66"},
    {file = "grpcio-1.75.1-cp314-cp314-manylinux2014_aarch64.manylinux_2_17_aarch64.whl", hash = "sha256:4484f4b7287bdaa7a5b3980f3c7224c3c622669405d20f69549f5fb956ad0421"},
    {file = "grpcio-1.75.1-cp314-cp314-manylinux2014_i686.manylinux_2_17_i686.whl", hash = "sha256:2720c239c1180eee69f7883c1d4c83fc1a495a2535b5fa322887c70bf02b16e8"},
    {file = "grpcio-1.75.1-cp314-cp314-manylinux2014_x86_64.manylinux_2_17_x86_64.whl", hash = "sha256:07a554fa31c668cf0e7a188678ceeca3cb8fead29bbe455352e712ec33ca701c"},
    {file = "grpcio-1.75.1-cp314-cp314-musllinux_1_2_aarch64.whl", hash = "sha256:3e71a2105210366bfc398eef7f57a664df99194f3520edb88b9c3a7e46ee0d64"},
    {file = "grpcio-1.75.1-cp314-cp314-musllinux_1_2_i686.whl", hash = "sha256:8679aa8a5b67976776d3c6b0521e99d1c34db8a312a12bcfd78a7085cb9b604e"},
    {file = "grpcio-1.75.1-cp314-cp314-musllinux_1_2_x86_64.whl", hash = "sha256:aad1c774f4ebf0696a7f148a56d39a3432550612597331792528895258966dc0"},
    {file = "grpcio-1.75.1-cp314-cp314-win32.whl", hash = "sha256:62ce42d9994446b307649cb2a23335fa8e927f7ab2cbf5fcb844d6acb4d85f9c"},
    {file = "grpcio-1.75.1-cp314-cp314-win_amd64.whl", hash = "sha256:f86e92275710bea3000cb79feca1762dc0ad3b27830dd1a74e82ab321d4ee464"},
    {file = "grpcio-1.75.1-cp39-cp39-linux_armv7l.whl", hash = "sha256:c09fba33327c3ac11b5c33dbdd8218eef8990d78f83b1656d628831812a8c0fb"},
    {file = "grpcio-1.75.1-cp39-cp39-macosx_11_0_universal2.whl", hash = "sha256:7e21400b037be29545704889e72e586c238e346dcb2d08d8a7288d16c883a9ec"},
    {file = "grpcio-1.75.1-cp39-cp39-manylinux2014_aarch64.manylinux_2_17_aarch64.whl", hash = "sha256:c12121e509b9f8b0914d10054d24120237d19e870b1cd82acbb8a9b9ddd198a3"},
    {file = "grpcio-1.75.1-cp39-cp39-manylinux2014_i686.manylinux_2_17_i686.whl", hash = "sha256:73577a93e692b3474b1bfe84285d098de36705dbd838bb4d6a056d326e4dc880"},
    {file = "grpcio-1.75.1-cp39-cp39-manylinux2014_x86_64.manylinux_2_17_x86_64.whl", hash = "sha256:e19e7dfa0d7ca7dea22be464339e18ac608fd75d88c56770c646cdabe54bc724"},
    {file = "grpcio-1.75.1-cp39-cp39-musllinux_1_2_aarch64.whl", hash = "sha256:4e1c28f51c1cf67eccdfc1065e8e866c9ed622f09773ca60947089c117f848a1"},
    {file = "grpcio-1.75.1-cp39-cp39-musllinux_1_2_i686.whl", hash = "sha256:030a6164bc2ca726052778c0cf8e3249617a34e368354f9e6107c27ad4af8c28"},
    {file = "grpcio-1.75.1-cp39-cp39-musllinux_1_2_x86_64.whl", hash = "sha256:67697efef5a98d46d5db7b1720fa4043536f8b8e5072a5d61cfca762f287e939"},
    {file = "grpcio-1.75.1-cp39-cp39-win32.whl", hash = "sha256:52015cf73eb5d76f6404e0ce0505a69b51fd1f35810b3a01233b34b10baafb41"},
    {file = "grpcio-1.75.1-cp39-cp39-win_amd64.whl", hash = "sha256:9fe51e4a1f896ea84ac750900eae34d9e9b896b5b1e4a30b02dc31ad29f36383"},
    {file = "grpcio-1.75.1.tar.gz", hash = "sha256:3e81d89ece99b9ace23a6916880baca613c03a799925afb2857887efa8b1b3d2"},
]

[package.dependencies]
typing-extensions = ">=4.12,<5.0"

[package.extras]
protobuf = ["grpcio-tools (>=1.75.1)"]

[[package]]
name = "grpcio-tools"
version = "1.75.1"
description = "Protobuf code generator for gRPC"
optional = false
python-versions = ">=3.9"
files = [
    {file = "grpcio_tools-1.75.1-cp310-cp310-linux_armv7l.whl", hash = "sha256:ae0f04d5ec8b8e13476bf516a08fc1de4e58c6bf79f99123a6b964ca7d02c790"},
    {file = "grpcio_tools-1.75.1-cp310-cp310-macosx_11_0_universal2.whl", hash = "sha256:24a881ad7292e904fc256892b647da17d9137ef2e72faf8b7c8e515314ad1377"},
    {file = "grpcio_tools-1.75.1-cp310-cp310-manylinux2014_aarch64.manylinux_2_17_aarch64.whl", hash = "sha256:1b5810ace274dba12ecfac69ac32c8047c6ee0200a23274cb4885ed4187271f8"},
    {file = "grpcio_tools-1.75.1-cp310-cp310-manylinux2014_i686.manylinux_2_17_i686.whl", hash = "sha256:ab33993288b97b1180e092fa447a8ce00fbc8c59d67b23553245b88d14fe36bb"},
    {file = "grpcio_tools-1.75.1-cp310-cp310-manylinux2014_x86_64.manylinux_2_17_x86_64.whl", hash = "sha256:4cac693621043ef11d3ab2318e811d919779f8cd5011ba8e37f44c178c831d94"},
    {file = "grpcio_tools-1.75.1-cp310-cp310-musllinux_1_2_aarch64.whl", hash = "sha256:a09cd5d267b296af67116fe098633ad770bc8c19831a5f3c896f65fad90c1064"},
    {file = "grpcio_tools-1.75.1-cp310-cp310-musllinux_1_2_i686.whl", hash = "sha256:dff4bcb4d16cf9ef745c1984394ed15187e6c23d73d71377377deaf443d11358"},
    {file = "grpcio_tools-1.75.1-cp310-cp310-musllinux_1_2_x86_64.whl", hash = "sha256:16d5986b37e2a9203f85e456c7ff8705b932718021d408adfe4a79e0f4d95949"},
    {file = "grpcio_tools-1.75.1-cp310-cp310-win32.whl", hash = "sha256:3fbac14998bfadc6b9140b6339dbc5f673700ebb4d45ba0c4d4fbe0ffb8559a9"},
    {file = "grpcio_tools-1.75.1-cp310-cp310-win_amd64.whl", hash = "sha256:b56e495844eb899de721eb77d9e077192bdeb40842f598481d32a8f6de3db124"},
    {file = "grpcio_tools-1.75.1-cp311-cp311-linux_armv7l.whl", hash = "sha256:f0635231feb70a9d551452829943a1a5fa651283e7a300aadc22df5ea5da696f"},
    {file = "grpcio_tools-1.75.1-cp311-cp311-macosx_11_0_universal2.whl", hash = "sha256:626293296ef7e2d87ab1a80b81a55eef91883c65b59a97576099a28b9535100b"},
    {file = "grpcio_tools-1.75.1-cp311-cp311-manylinux2014_aarch64.manylinux_2_17_aarch64.whl", hash = "sha256:071339d90f1faab332ce4919c815a10b9c3ed2c09473f550f686bf9cc148579f"},
    {file = "grpcio_tools-1.75.1-cp311-cp311-manylinux2014_i686.manylinux_2_17_i686.whl", hash = "sha256:44195f58c052fa935b78c7438c85cbcd4b273dd685028e4f6d4d7b30d47daad1"},
    {file = "grpcio_tools-1.75.1-cp311-cp311-manylinux2014_x86_64.manylinux_2_17_x86_64.whl", hash = "sha256:860fafdb85726029d646c99859ff7bdca5aae61b5ff038c3bd355fc1ec6b2764"},
    {file = "grpcio_tools-1.75.1-cp311-cp311-musllinux_1_2_aarch64.whl", hash = "sha256:4559547a0cb3d3db1b982eea87d4656036339b400f48127fef932210672fb59e"},
    {file = "grpcio_tools-1.75.1-cp311-cp311-musllinux_1_2_i686.whl", hash = "sha256:9af65a310807d7f36a8f7cddea142fe97d6dffba74444f38870272f2e5a3a06b"},
    {file = "grpcio_tools-1.75.1-cp311-cp311-musllinux_1_2_x86_64.whl", hash = "sha256:8c1de31aefc0585d2f915a7cd0994d153547495b8d79c44c58048a3ede0b65be"},
    {file = "grpcio_tools-1.75.1-cp311-cp311-win32.whl", hash = "sha256:efaf95fcaa5d3ac1bcfe44ceed9e2512eb95b5c8c476569bdbbe2bee4b59c8a9"},
    {file = "grpcio_tools-1.75.1-cp311-cp311-win_amd64.whl", hash = "sha256:7cefe76fc35c825f0148d60d2294a527053d0f5dd6a60352419214a8c53223c9"},
    {file = "grpcio_tools-1.75.1-cp312-cp312-linux_armv7l.whl", hash = "sha256:49b68936cf212052eeafa50b824e17731b78d15016b235d36e0d32199000b14c"},
    {file = "grpcio_tools-1.75.1-cp312-cp312-macosx_11_0_universal2.whl", hash = "sha256:08cb6e568e58b76a2178ad3b453845ff057131fff00f634d7e15dcd015cd455b"},
    {file = "grpcio_tools-1.75.1-cp312-cp312-manylinux2014_aarch64.manylinux_2_17_aarch64.whl", hash = "sha256:168402ad29a249092673079cf46266936ec2fb18d4f854d96e9c5fa5708efa39"},
    {file = "grpcio_tools-1.75.1-cp312-cp312-manylinux2014_i686.manylinux_2_17_i686.whl", hash = "sha256:bbae11c29fcf450730f021bfc14b12279f2f985e2e493ccc2f133108728261db"},
    {file = "grpcio_tools-1.75.1-cp312-cp312-manylinux2014_x86_64.manylinux_2_17_x86_64.whl", hash = "sha256:38c6c7d5d4800f636ee691cd073db1606d1a6a76424ca75c9b709436c9c20439"},
    {file = "grpcio_tools-1.75.1-cp312-cp312-musllinux_1_2_aarch64.whl", hash = "sha256:626f6a61a8f141dde9a657775854d1c0d99509f9a2762b82aa401a635f6ec73d"},
    {file = "grpcio_tools-1.75.1-cp312-cp312-musllinux_1_2_i686.whl", hash = "sha256:f61a8334ae38d4f98c744a732b89527e5af339d17180e25fff0676060f8709b7"},
    {file = "grpcio_tools-1.75.1-cp312-cp312-musllinux_1_2_x86_64.whl", hash = "sha256:bd0c3fb40d89a1e24a41974e77c7331e80396ab7cde39bc396a13d6b5e2a750b"},
    {file = "grpcio_tools-1.75.1-cp312-cp312-win32.whl", hash = "sha256:004bc5327593eea48abd03be3188e757c3ca0039079587a6aac24275127cac20"},
    {file = "grpcio_tools-1.75.1-cp312-cp312-win_amd64.whl", hash = "sha256:23952692160b5fe7900653dfdc9858dc78c2c42e15c27e19ee780c8917ba6028"},
    {file = "grpcio_tools-1.75.1-cp313-cp313-linux_armv7l.whl", hash = "sha256:ca9e116aab0ecf4365fc2980f2e8ae1b22273c3847328b9a8e05cbd14345b397"},
    {file = "grpcio_tools-1.75.1-cp313-cp313-macosx_11_0_universal2.whl", hash = "sha256:9fe87a926b65eb7f41f8738b6d03677cc43185ff77a9d9b201bdb2f673f3fa1e"},
    {file = "grpcio_tools-1.75.1-cp313-cp313-manylinux2014_aarch64.manylinux_2_17_aarch64.whl", hash = "sha256:45503a6094f91b3fd31c3d9adef26ac514f102086e2a37de797e220a6791ee87"},
    {file = "grpcio_tools-1.75.1-cp313-cp313-manylinux2014_i686.manylinux_2_17_i686.whl", hash = "sha256:b01b60b3de67be531a39fd869d7613fa8f178aff38c05e4d8bc2fc530fa58cb5"},
    {file = "grpcio_tools-1.75.1-cp313-cp313-manylinux2014_x86_64.manylinux_2_17_x86_64.whl", hash = "sha256:09e2b9b9488735514777d44c1e4eda813122d2c87aad219f98d5d49b359a8eab"},
    {file = "grpcio_tools-1.75.1-cp313-cp313-musllinux_1_2_aarch64.whl", hash = "sha256:55e60300e62b220fabe6f062fe69f143abaeff3335f79b22b56d86254f3c3c80"},
    {file = "grpcio_tools-1.75.1-cp313-cp313-musllinux_1_2_i686.whl", hash = "sha256:49ce00fcc6facbbf52bf376e55b8e08810cecd03dab0b3a2986d73117c6f6ee4"},
    {file = "grpcio_tools-1.75.1-cp313-cp313-musllinux_1_2_x86_64.whl", hash = "sha256:71e95479aea868f8c8014d9dc4267f26ee75388a0d8a552e1648cfa0b53d24b4"},
    {file = "grpcio_tools-1.75.1-cp313-cp313-win32.whl", hash = "sha256:fff9d2297416eae8861e53154ccf70a19994e5935e6c8f58ebf431f81cbd8d12"},
    {file = "grpcio_tools-1.75.1-cp313-cp313-win_amd64.whl", hash = "sha256:1849ddd508143eb48791e81d42ddc924c554d1b4900e06775a927573a8d4267f"},
    {file = "grpcio_tools-1.75.1-cp314-cp314-linux_armv7l.whl", hash = "sha256:f281b594489184b1f9a337cdfed1fc1ddb8428f41c4b4023de81527e90b38e1e"},
    {file = "grpcio_tools-1.75.1-cp314-cp314-macosx_11_0_universal2.whl", hash = "sha256:becf8332f391abc62bf4eea488b63be063d76a7cf2ef00b2e36c617d9ee9216b"},
    {file = "grpcio_tools-1.75.1-cp314-cp314-manylinux2014_aarch64.manylinux_2_17_aarch64.whl", hash = "sha256:a08330f24e5cd7b39541882a95a8ba04ffb4df79e2984aa0cd01ed26dcdccf49"},
    {file = "grpcio_tools-1.75.1-cp314-cp314-manylinux2014_i686.manylinux_2_17_i686.whl", hash = "sha256:6bf3742bd8f102630072ed317d1496f31c454cd85ad19d37a68bd85bf9d5f8b9"},
    {file = "grpcio_tools-1.75.1-cp314-cp314-manylinux2014_x86_64.manylinux_2_17_x86_64.whl", hash = "sha256:f26028949474feb380460ce52d9d090d00023940c65236294a66c42ac5850e8b"},
    {file = "grpcio_tools-1.75.1-cp314-cp314-musllinux_1_2_aarch64.whl", hash = "sha256:1bd68fb98bf08f11b6c3210834a14eefe585bad959bdba38e78b4ae3b04ba5bd"},
    {file = "grpcio_tools-1.75.1-cp314-cp314-musllinux_1_2_i686.whl", hash = "sha256:f1496e21586193da62c3a73cd16f9c63c5b3efd68ff06dab96dbdfefa90d40bf"},
    {file = "grpcio_tools-1.75.1-cp314-cp314-musllinux_1_2_x86_64.whl", hash = "sha256:14a78b1e36310cdb3516cdf9ee2726107875e0b247e2439d62fc8dc38cf793c1"},
    {file = "grpcio_tools-1.75.1-cp314-cp314-win32.whl", hash = "sha256:0e6f916daf222002fb98f9a6f22de0751959e7e76a24941985cc8e43cea77b50"},
    {file = "grpcio_tools-1.75.1-cp314-cp314-win_amd64.whl", hash = "sha256:878c3b362264588c45eba57ce088755f8b2b54893d41cc4a68cdeea62996da5c"},
    {file = "grpcio_tools-1.75.1-cp39-cp39-linux_armv7l.whl", hash = "sha256:eca28a90020fc1596f48cf51b02e56bc3d285f7f9ebaf0493144160d69c2cae7"},
    {file = "grpcio_tools-1.75.1-cp39-cp39-macosx_11_0_universal2.whl", hash = "sha256:6744a14983f82e04cfd799ed779d06ee92035bb497f2d0fa84e81921a6c9c985"},
    {file = "grpcio_tools-1.75.1-cp39-cp39-manylinux2014_aarch64.manylinux_2_17_aarch64.whl", hash = "sha256:2a59120f17d36de6e16a058d88f2fcd255bafaccb487fea0613860a5287f77c6"},
    {file = "grpcio_tools-1.75.1-cp39-cp39-manylinux2014_i686.manylinux_2_17_i686.whl", hash = "sha256:02b0c237882e45247570afdc34717ce80831184882186ef47afca9f8cac2f71c"},
    {file = "grpcio_tools-1.75.1-cp39-cp39-manylinux2014_x86_64.manylinux_2_17_x86_64.whl", hash = "sha256:4999ada9721ce2a0eae66bf7f2793bc6fe7a473eef4e38bb542d1e5c6d9f7d91"},
    {file = "grpcio_tools-1.75.1-cp39-cp39-musllinux_1_2_aarch64.whl", hash = "sha256:dd13f0d87605eb34f8b8868e3ad9202b90e9e58417276db79c3298538d0d60e3"},
    {file = "grpcio_tools-1.75.1-cp39-cp39-musllinux_1_2_i686.whl", hash = "sha256:9555db0d2eb22850b7e9a27c0476627d483c114fcdf40d29b03aef446f5e4c43"},
    {file = "grpcio_tools-1.75.1-cp39-cp39-musllinux_1_2_x86_64.whl", hash = "sha256:a35800ce3ecea4aaad511bc18daccd37b1560132694f30b606f2044f1242c9a0"},
    {file = "grpcio_tools-1.75.1-cp39-cp39-win32.whl", hash = "sha256:8e7f2c1a37a5c8db92c5cba4034c370598f7458b275606f7a2a114f8c25c0326"},
    {file = "grpcio_tools-1.75.1-cp39-cp39-win_amd64.whl", hash = "sha256:0de3a82ee33d960f117ab66da51254cccd8bda9118d11ec3379f954cfbf6bc39"},
    {file = "grpcio_tools-1.75.1.tar.gz", hash = "sha256:bb78960cf3d58941e1fec70cbdaccf255918beed13c34112a6915a6d8facebd1"},
]

[package.dependencies]
grpcio = ">=1.75.1"
protobuf = ">=6.31.1,<7.0.0"
setuptools = "*"

[[package]]
name = "pastel"
version = "0.2.1"
description = "Bring colors to your terminal."
optional = false
python-versions = ">=2.7, !=3.0.*, !=3.1.*, !=3.2.*, !=3.3.*"
files = [
    {file = "pastel-0.2.1-py2.py3-none-any.whl", hash = "sha256:4349225fcdf6c2bb34d483e523475de5bb04a5c10ef711263452cb37d7dd4364"},
    {file = "pastel-0.2.1.tar.gz", hash = "sha256:e6581ac04e973cac858828c6202c1e1e81fee1dc7de7683f3e1ffe0bfd8a573d"},
]

[[package]]
name = "poethepoet"
version = "0.37.0"
description = "A task runner that works well with poetry and uv."
optional = false
python-versions = ">=3.9"
files = [
    {file = "poethepoet-0.37.0-py3-none-any.whl", hash = "sha256:861790276315abcc8df1b4bd60e28c3d48a06db273edd3092f3c94e1a46e5e22"},
    {file = "poethepoet-0.37.0.tar.gz", hash = "sha256:73edf458707c674a079baa46802e21455bda3a7f82a408e58c31b9f4fe8e933d"},
]

[package.dependencies]
pastel = ">=0.2.1,<0.3.0"
pyyaml = ">=6.0.2,<7.0"

[package.extras]
poetry-plugin = ["poetry (>=1.2.0,<3.0.0)"]

[[package]]
name = "protobuf"
version = "6.32.1"
description = ""
optional = false
python-versions = ">=3.9"
files = [
    {file = "protobuf-6.32.1-cp310-abi3-win32.whl", hash = "sha256:a8a32a84bc9f2aad712041b8b366190f71dde248926da517bde9e832e4412085"},
    {file = "protobuf-6.32.1-cp310-abi3-win_amd64.whl", hash = "sha256:b00a7d8c25fa471f16bc8153d0e53d6c9e827f0953f3c09aaa4331c718cae5e1"},
    {file = "protobuf-6.32.1-cp39-abi3-macosx_10_9_universal2.whl", hash = "sha256:d8c7e6eb619ffdf105ee4ab76af5a68b60a9d0f66da3ea12d1640e6d8dab7281"},
    {file = "protobuf-6.32.1-cp39-abi3-manylinux2014_aarch64.whl", hash = "sha256:2f5b80a49e1eb7b86d85fcd23fe92df154b9730a725c3b38c4e43b9d77018bf4"},
    {file = "protobuf-6.32.1-cp39-abi3-manylinux2014_x86_64.whl", hash = "sha256:b1864818300c297265c83a4982fd3169f97122c299f56a56e2445c3698d34710"},
    {file = "protobuf-6.32.1-cp39-cp39-win32.whl", hash = "sha256:68ff170bac18c8178f130d1ccb94700cf72852298e016a2443bdb9502279e5f1"},
    {file = "protobuf-6.32.1-cp39-cp39-win_amd64.whl", hash = "sha256:d0975d0b2f3e6957111aa3935d08a0eb7e006b1505d825f862a1fffc8348e122"},
    {file = "protobuf-6.32.1-py3-none-any.whl", hash = "sha256:2601b779fc7d32a866c6b4404f9d42a3f67c5b9f3f15b4db3cccabe06b95c346"},
    {file = "protobuf-6.32.1.tar.gz", hash = "sha256:ee2469e4a021474ab9baafea6cd070e5bf27c7d29433504ddea1a4ee5850f68d"},
]

[[package]]
name = "pyyaml"
version = "6.0.3"
description = "YAML parser and emitter for Python"
optional = false
python-versions = ">=3.8"
files = [
    {file = "PyYAML-6.0.3-cp38-cp38-macosx_10_13_x86_64.whl", hash = "sha256:c2514fceb77bc5e7a2f7adfaa1feb2fb311607c9cb518dbc378688ec73d8292f"},
    {file = "PyYAML-6.0.3-cp38-cp38-manylinux2014_aarch64.manylinux_2_17_aarch64.manylinux_2_28_aarch64.whl", hash = "sha256:9c57bb8c96f6d1808c030b1687b9b5fb476abaa47f0db9c0101f5e9f394e97f4"},
    {file = "PyYAML-6.0.3-cp38-cp38-manylinux2014_s390x.manylinux_2_17_s390x.manylinux_2_28_s390x.whl", hash = "sha256:efd7b85f94a6f21e4932043973a7ba2613b059c4a000551892ac9f1d11f5baf3"},
    {file = "PyYAML-6.0.3-cp38-cp38-manylinux2014_x86_64.manylinux_2_17_x86_64.manylinux_2_28_x86_64.whl", hash = "sha256:22ba7cfcad58ef3ecddc7ed1db3409af68d023b7f940da23c6c2a1890976eda6"},
    {file = "PyYAML-6.0.3-cp38-cp38-musllinux_1_2_x86_64.whl", hash = "sha256:6344df0d5755a2c9a276d4473ae6b90647e216ab4757f8426893b5dd2ac3f369"},
    {file = "PyYAML-6.0.3-cp38-cp38-win32.whl", hash = "sha256:3ff07ec89bae51176c0549bc4c63aa6202991da2d9a6129d7aef7f1407d3f295"},
    {file = "PyYAML-6.0.3-cp38-cp38-win_amd64.whl", hash = "sha256:5cf4e27da7e3fbed4d6c3d8e797387aaad68102272f8f9752883bc32d61cb87b"},
    {file = "pyyaml-6.0.3-cp310-cp310-macosx_10_13_x86_64.whl", hash = "sha256:214ed4befebe12df36bcc8bc2b64b396ca31be9304b8f59e25c11cf94a4c033b"},
    {file = "pyyaml-6.0.3-cp310-cp310-macosx_11_0_arm64.whl", hash = "sha256:02ea2dfa234451bbb8772601d7b8e426c2bfa197136796224e50e35a78777956"},
    {file = "pyyaml-6.0.3-cp310-cp310-manylinux2014_aarch64.manylinux_2_17_aarch64.manylinux_2_28_aarch64.whl", hash = "sha256:b30236e45cf30d2b8e7b3e85881719e98507abed1011bf463a8fa23e9c3e98a8"},
    {file = "pyyaml-6.0.3-cp310-cp310-manylinux2014_s390x.manylinux_2_17_s390x.manylinux_2_28_s390x.whl", hash = "sha256:66291b10affd76d76f54fad28e22e51719ef9ba22b29e1d7d03d6777a9174198"},
    {file = "pyyaml-6.0.3-cp310-cp310-manylinux2014_x86_64.manylinux_2_17_x86_64.manylinux_2_28_x86_64.whl", hash = "sha256:9c7708761fccb9397fe64bbc0395abcae8c4bf7b0eac081e12b809bf47700d0b"},
    {file = "pyyaml-6.0.3-cp310-cp310-musllinux_1_2_aarch64.whl", hash = "sha256:418cf3f2111bc80e0933b2cd8cd04f286338bb88bdc7bc8e6dd775ebde60b5e0"},
    {file = "pyyaml-6.0.3-cp310-cp310-musllinux_1_2_x86_64.whl", hash = "sha256:5e0b74767e5f8c593e8c9b5912019159ed0533c70051e9cce3e8b6aa699fcd69"},
    {file = "pyyaml-6.0.3-cp310-cp310-win32.whl", hash = "sha256:28c8d926f98f432f88adc23edf2e6d4921ac26fb084b028c733d01868d19007e"},
    {file = "pyyaml-6.0.3-cp310-cp310-win_amd64.whl", hash = "sha256:bdb2c67c6c1390b63c6ff89f210c8fd09d9a1217a465701eac7316313c915e4c"},
    {file = "pyyaml-6.0.3-cp311-cp311-macosx_10_13_x86_64.whl", hash = "sha256:44edc647873928551a01e7a563d7452ccdebee747728c1080d881d68af7b997e"},
    {file = "pyyaml-6.0.3-cp311-cp311-macosx_11_0_arm64.whl", hash = "sha256:652cb6edd41e718550aad172851962662ff2681490a8a711af6a4d288dd96824"},
    {file = "pyyaml-6.0.3-cp311-cp311-manylinux2014_aarch64.manylinux_2_17_aarch64.manylinux_2_28_aarch64.whl", hash = "sha256:10892704fc220243f5305762e276552a0395f7beb4dbf9b14ec8fd43b57f126c"},
    {file = "pyyaml-6.0.3-cp311-cp311-manylinux2014_s390x.manylinux_2_17_s390x.manylinux_2_28_s390x.whl", hash = "sha256:850774a7879607d3a6f50d36d04f00ee69e7fc816450e5f7e58d7f17f1ae5c00"},
    {file = "pyyaml-6.0.3-cp311-cp311-manylinux2014_x86_64.manylinux_2_17_x86_64.manylinux_2_28_x86_64.whl", hash = "sha256:b8bb0864c5a28024fac8a632c443c87c5aa6f215c0b126c449ae1a150412f31d"},
    {file = "pyyaml-6.0.3-cp311-cp311-musllinux_1_2_aarch64.whl", hash = "sha256:1d37d57ad971609cf3c53ba6a7e365e40660e3be0e5175fa9f2365a379d6095a"},
    {file = "pyyaml-6.0.3-cp311-cp311-musllinux_1_2_x86_64.whl", hash = "sha256:37503bfbfc9d2c40b344d06b2199cf0e96e97957ab1c1b546fd4f87e53e5d3e4"},
    {file = "pyyaml-6.0.3-cp311-cp311-win32.whl", hash = "sha256:8098f252adfa6c80ab48096053f512f2321f0b998f98150cea9bd23d83e1467b"},
    {file = "pyyaml-6.0.3-cp311-cp311-win_amd64.whl", hash = "sha256:9f3bfb4965eb874431221a3ff3fdcddc7e74e3b07799e0e84ca4a0f867d449bf"},
    {file = "pyyaml-6.0.3-cp312-cp312-macosx_10_13_x86_64.whl", hash = "sha256:7f047e29dcae44602496db43be01ad42fc6f1cc0d8cd6c83d342306c32270196"},
    {file = "pyyaml-6.0.3-cp312-cp312-macosx_11_0_arm64.whl", hash = "sha256:fc09d0aa354569bc501d4e787133afc08552722d3ab34836a80547331bb5d4a0"},
    {file = "pyyaml-6.0.3-cp312-cp312-manylinux2014_aarch64.manylinux_2_17_aarch64.manylinux_2_28_aarch64.whl", hash = "sha256:9149cad251584d5fb4981be1ecde53a1ca46c891a79788c0df828d2f166bda28"},
    {file = "pyyaml-6.0.3-cp312-cp312-manylinux2014_s390x.manylinux_2_17_s390x.manylinux_2_28_s390x.whl", hash = "sha256:5fdec68f91a0c6739b380c83b951e2c72ac0197ace422360e6d5a959d8d97b2c"},
    {file = "pyyaml-6.0.3-cp312-cp312-manylinux2014_x86_64.manylinux_2_17_x86_64.manylinux_2_28_x86_64.whl", hash = "sha256:ba1cc08a7ccde2d2ec775841541641e4548226580ab850948cbfda66a1befcdc"},
    {file = "pyyaml-6.0.3-cp312-cp312-musllinux_1_2_aarch64.whl", hash = "sha256:8dc52c23056b9ddd46818a57b78404882310fb473d63f17b07d5c40421e47f8e"},
    {file = "pyyaml-6.0.3-cp312-cp312-musllinux_1_2_x86_64.whl", hash = "sha256:41715c910c881bc081f1e8872880d3c650acf13dfa8214bad49ed4cede7c34ea"},
    {file = "pyyaml-6.0.3-cp312-cp312-win32.whl", hash = "sha256:96b533f0e99f6579b3d4d4995707cf36df9100d67e0c8303a0c55b27b5f99bc5"},
    {file = "pyyaml-6.0.3-cp312-cp312-win_amd64.whl", hash = "sha256:5fcd34e47f6e0b794d17de1b4ff496c00986e1c83f7ab2fb8fcfe9616ff7477b"},
    {file = "pyyaml-6.0.3-cp312-cp312-win_arm64.whl", hash = "sha256:64386e5e707d03a7e172c0701abfb7e10f0fb753ee1d773128192742712a98fd"},
    {file = "pyyaml-6.0.3-cp313-cp313-macosx_10_13_x86_64.whl", hash = "sha256:8da9669d359f02c0b91ccc01cac4a67f16afec0dac22c2ad09f46bee0697eba8"},
    {file = "pyyaml-6.0.3-cp313-cp313-macosx_11_0_arm64.whl", hash = "sha256:2283a07e2c21a2aa78d9c4442724ec1eb15f5e42a723b99cb3d822d48f5f7ad1"},
    {file = "pyyaml-6.0.3-cp313-cp313-manylinux2014_aarch64.manylinux_2_17_aarch64.manylinux_2_28_aarch64.whl", hash = "sha256:ee2922902c45ae8ccada2c5b501ab86c36525b883eff4255313a253a3160861c"},
    {file = "pyyaml-6.0.3-cp313-cp313-manylinux2014_s390x.manylinux_2_17_s390x.manylinux_2_28_s390x.whl", hash = "sha256:a33284e20b78bd4a18c8c2282d549d10bc8408a2a7ff57653c0cf0b9be0afce5"},
    {file = "pyyaml-6.0.3-cp313-cp313-manylinux2014_x86_64.manylinux_2_17_x86_64.manylinux_2_28_x86_64.whl", hash = "sha256:0f29edc409a6392443abf94b9cf89ce99889a1dd5376d94316ae5145dfedd5d6"},
    {file = "pyyaml-6.0.3-cp313-cp313-musllinux_1_2_aarch64.whl", hash = "sha256:f7057c9a337546edc7973c0d3ba84ddcdf0daa14533c2065749c9075001090e6"},
    {file = "pyyaml-6.0.3-cp313-cp313-musllinux_1_2_x86_64.whl", hash = "sha256:eda16858a3cab07b80edaf74336ece1f986ba330fdb8ee0d6c0d68fe82bc96be"},
    {file = "pyyaml-6.0.3-cp313-cp313-win32.whl", hash = "sha256:d0eae10f8159e8fdad514efdc92d74fd8d682c933a6dd088030f3834bc8e6b26"},
    {file = "pyyaml-6.0.3-cp313-cp313-win_amd64.whl", hash = "sha256:79005a0d97d5ddabfeeea4cf676af11e647e41d81c9a7722a193022accdb6b7c"},
    {file = "pyyaml-6.0.3-cp313-cp313-win_arm64.whl", hash = "sha256:5498cd1645aa724a7c71c8f378eb29ebe23da2fc0d7a08071d89469bf1d2defb"},
    {file = "pyyaml-6.0.3-cp314-cp314-macosx_10_13_x86_64.whl", hash = "sha256:8d1fab6bb153a416f9aeb4b8763bc0f22a5586065f86f7664fc23339fc1c1fac"},
    {file = "pyyaml-6.0.3-cp314-cp314-macosx_11_0_arm64.whl", hash = "sha256:34d5fcd24b8445fadc33f9cf348c1047101756fd760b4dacb5c3e99755703310"},
    {file = "pyyaml-6.0.3-cp314-cp314-manylinux2014_aarch64.manylinux_2_17_aarch64.manylinux_2_28_aarch64.whl", hash = "sha256:501a031947e3a9025ed4405a168e6ef5ae3126c59f90ce0cd6f2bfc477be31b7"},
    {file = "pyyaml-6.0.3-cp314-cp314-manylinux2014_s390x.manylinux_2_17_s390x.manylinux_2_28_s390x.whl", hash = "sha256:b3bc83488de33889877a0f2543ade9f70c67d66d9ebb4ac959502e12de895788"},
    {file = "pyyaml-6.0.3-cp314-cp314-manylinux2014_x86_64.manylinux_2_17_x86_64.manylinux_2_28_x86_64.whl", hash = "sha256:c458b6d084f9b935061bc36216e8a69a7e293a2f1e68bf956dcd9e6cbcd143f5"},
    {file = "pyyaml-6.0.3-cp314-cp314-musllinux_1_2_aarch64.whl", hash = "sha256:7c6610def4f163542a622a73fb39f534f8c101d690126992300bf3207eab9764"},
    {file = "pyyaml-6.0.3-cp314-cp314-musllinux_1_2_x86_64.whl", hash = "sha256:5190d403f121660ce8d1d2c1bb2ef1bd05b5f68533fc5c2ea899bd15f4399b35"},
    {file = "pyyaml-6.0.3-cp314-cp314-win_amd64.whl", hash = "sha256:4a2e8cebe2ff6ab7d1050ecd59c25d4c8bd7e6f400f5f82b96557ac0abafd0ac"},
    {file = "pyyaml-6.0.3-cp314-cp314-win_arm64.whl", hash = "sha256:93dda82c9c22deb0a405ea4dc5f2d0cda384168e466364dec6255b293923b2f3"},
    {file = "pyyaml-6.0.3-cp314-cp314t-macosx_10_13_x86_64.whl", hash = "sha256:02893d100e99e03eda1c8fd5c441d8c60103fd175728e23e431db1b589cf5ab3"},
    {file = "pyyaml-6.0.3-cp314-cp314t-macosx_11_0_arm64.whl", hash = "sha256:c1ff362665ae507275af2853520967820d9124984e0f7466736aea23d8611fba"},
    {file = "pyyaml-6.0.3-cp314-cp314t-manylinux2014_aarch64.manylinux_2_17_aarch64.manylinux_2_28_aarch64.whl", hash = "sha256:6adc77889b628398debc7b65c073bcb99c4a0237b248cacaf3fe8a557563ef6c"},
    {file = "pyyaml-6.0.3-cp314-cp314t-manylinux2014_s390x.manylinux_2_17_s390x.manylinux_2_28_s390x.whl", hash = "sha256:a80cb027f6b349846a3bf6d73b5e95e782175e52f22108cfa17876aaeff93702"},
    {file = "pyyaml-6.0.3-cp314-cp314t-manylinux2014_x86_64.manylinux_2_17_x86_64.manylinux_2_28_x86_64.whl", hash = "sha256:00c4bdeba853cc34e7dd471f16b4114f4162dc03e6b7afcc2128711f0eca823c"},
    {file = "pyyaml-6.0.3-cp314-cp314t-musllinux_1_2_aarch64.whl", hash = "sha256:66e1674c3ef6f541c35191caae2d429b967b99e02040f5ba928632d9a7f0f065"},
    {file = "pyyaml-6.0.3-cp314-cp314t-musllinux_1_2_x86_64.whl", hash = "sha256:16249ee61e95f858e83976573de0f5b2893b3677ba71c9dd36b9cf8be9ac6d65"},
    {file = "pyyaml-6.0.3-cp314-cp314t-win_amd64.whl", hash = "sha256:4ad1906908f2f5ae4e5a8ddfce73c320c2a1429ec52eafd27138b7f1cbe341c9"},
    {file = "pyyaml-6.0.3-cp314-cp314t-win_arm64.whl", hash = "sha256:ebc55a14a21cb14062aa4162f906cd962b28e2e9ea38f9b4391244cd8de4ae0b"},
    {file = "pyyaml-6.0.3-cp39-cp39-macosx_10_13_x86_64.whl", hash = "sha256:b865addae83924361678b652338317d1bd7e79b1f4596f96b96c77a5a34b34da"},
    {file = "pyyaml-6.0.3-cp39-cp39-macosx_11_0_arm64.whl", hash = "sha256:c3355370a2c156cffb25e876646f149d5d68f5e0a3ce86a5084dd0b64a994917"},
    {file = "pyyaml-6.0.3-cp39-cp39-manylinux2014_aarch64.manylinux_2_17_aarch64.manylinux_2_28_aarch64.whl", hash = "sha256:3c5677e12444c15717b902a5798264fa7909e41153cdf9ef7ad571b704a63dd9"},
    {file = "pyyaml-6.0.3-cp39-cp39-manylinux2014_s390x.manylinux_2_17_s390x.manylinux_2_28_s390x.whl", hash = "sha256:5ed875a24292240029e4483f9d4a4b8a1ae08843b9c54f43fcc11e404532a8a5"},
    {file = "pyyaml-6.0.3-cp39-cp39-manylinux2014_x86_64.manylinux_2_17_x86_64.manylinux_2_28_x86_64.whl", hash = "sha256:0150219816b6a1fa26fb4699fb7daa9caf09eb1999f3b70fb6e786805e80375a"},
    {file = "pyyaml-6.0.3-cp39-cp39-musllinux_1_2_aarch64.whl", hash = "sha256:fa160448684b4e94d80416c0fa4aac48967a969efe22931448d853ada8baf926"},
    {file = "pyyaml-6.0.3-cp39-cp39-musllinux_1_2_x86_64.whl", hash = "sha256:27c0abcb4a5dac13684a37f76e701e054692a9b2d3064b70f5e4eb54810553d7"},
    {file = "pyyaml-6.0.3-cp39-cp39-win32.whl", hash = "sha256:1ebe39cb5fc479422b83de611d14e2c0d3bb2a18bbcb01f229ab3cfbd8fee7a0"},
    {file = "pyyaml-6.0.3-cp39-cp39-win_amd64.whl", hash = "sha256:2e71d11abed7344e42a8849600193d15b6def118602c4c176f748e4583246007"},
    {file = "pyyaml-6.0.3.tar.gz", hash = "sha256:d76623373421df22fb4cf8817020cbb7ef15c725b9d5e45f17e189bfc384190f"},
]

[[package]]
name = "setuptools"
version = "80.9.0"
description = "Easily download, build, install, upgrade, and uninstall Python packages"
optional = false
python-versions = ">=3.9"
files = [
    {file = "setuptools-80.9.0-py3-none-any.whl", hash = "sha256:062d34222ad13e0cc312a4c02d73f059e86a4acbfbdea8f8f76b28c99f306922"},
    {file = "setuptools-80.9.0.tar.gz", hash = "sha256:f36b47402ecde768dbfafc46e8e4207b4360c654f1f3bb84475f0a28628fb19c"},
]

[package.extras]
check = ["pytest-checkdocs (>=2.4)", "pytest-ruff (>=0.2.1)", "ruff (>=0.8.0)"]
core = ["importlib_metadata (>=6)", "jaraco.functools (>=4)", "jaraco.text (>=3.7)", "more_itertools", "more_itertools (>=8.8)", "packaging (>=24.2)", "platformdirs (>=4.2.2)", "tomli (>=2.0.1)", "wheel (>=0.43.0)"]
cover = ["pytest-cov"]
doc = ["furo", "jaraco.packaging (>=9.3)", "jaraco.tidelift (>=1.4)", "pygments-github-lexers (==0.0.5)", "pyproject-hooks (!=1.1)", "rst.linker (>=1.9)", "sphinx (>=3.5)", "sphinx-favicon", "sphinx-inline-tabs", "sphinx-lint", "sphinx-notfound-page (>=1,<2)", "sphinx-reredirects", "sphinxcontrib-towncrier", "towncrier (<24.7)"]
enabler = ["pytest-enabler (>=2.2)"]
test = ["build[virtualenv] (>=1.0.3)", "filelock (>=3.4.0)", "ini2toml[lite] (>=0.14)", "jaraco.develop (>=7.21)", "jaraco.envs (>=2.2)", "jaraco.path (>=3.7.2)", "jaraco.test (>=5.5)", "packaging (>=24.2)", "pip (>=19.1)", "pyproject-hooks (!=1.1)", "pytest (>=6,!=8.1.*)", "pytest-home (>=0.5)", "pytest-perf", "pytest-subprocess", "pytest-timeout", "pytest-xdist (>=3)", "tomli-w (>=1.0.0)", "virtualenv (>=13.0.0)", "wheel (>=0.44.0)"]
type = ["importlib_metadata (>=7.0.2)", "jaraco.develop (>=7.21)", "mypy (==1.14.*)", "pytest-mypy"]

[[package]]
name = "typing-extensions"
version = "4.15.0"
description = "Backported and Experimental Type Hints for Python 3.9+"
optional = false
python-versions = ">=3.9"
files = [
    {file = "typing_extensions-4.15.0-py3-none-any.whl", hash = "sha256:f0fa19c6845758ab08074a0cfa8b7aecb71c999ca73d62883bc25cc018c4e548"},
    {file = "typing_extensions-4.15.0.tar.gz", hash = "sha256:0cea48d173cc12fa28ecabc3b837ea3cf6f38c6d1136f85cbaaf598984861466"},
]

[metadata]
lock-version = "2.0"
python-versions = "^3.13"
content-hash = "a1808a78a26ff588b8c7cfedb3020ca8e1856bc41618ab1dba1264a99d7b70b0"
